{
  "name": "tz_proviles_api",
  "version": "1.0.0",
  "lockfileVersion": 2,
  "requires": true,
  "packages": {
    "": {
      "version": "1.0.0",
      "license": "MIT",
      "dependencies": {
        "itty-router": "^2.3.6",
        "kepler-sdk": "^0.3.0",
        "tzprofiles": "file:../../contract",
        "xhr2": "^0.2.1",
        "xhr2-cookies": "^1.1.0",
        "xmlhttprequest": "^1.8.0"
      },
      "devDependencies": {
        "prettier": "^1.18.2"
      }
    },
    "../../contract": {
      "name": "tzprofiles",
      "version": "1.0.5",
      "license": "ISC",
      "dependencies": {
        "@taquito/beacon-wallet": "^9.0.1",
        "@taquito/rpc": "^9.0.1",
        "@taquito/signer": "^9.0.1",
        "@taquito/taquito": "^9.0.1",
        "@taquito/tzip16": "^9.0.1",
        "axios": "^0.21.1",
        "express": "^4.17.1",
        "kepler-sdk": "^0.3.0",
        "process": "^0.11.10",
        "yargs": "^16.2.0"
      }
    },
    "../../contract/dist": {
      "extraneous": true
    },
    "node_modules/@airgap/beacon-sdk": {
      "version": "2.2.6",
      "resolved": "https://registry.npmjs.org/@airgap/beacon-sdk/-/beacon-sdk-2.2.6.tgz",
      "integrity": "sha512-8makwjrcgrP6dfR0OVQPT7LgYdcKFNW5Jc1urca0RMdTIGzxJlDmSDKrd7ha8doIy4oN+maWtCYAFGPTphHcWg==",
      "dependencies": {
        "@types/chrome": "0.0.115",
        "@types/libsodium-wrappers": "0.7.7",
        "axios": "0.21.1",
        "bignumber.js": "9.0.0",
        "bs58check": "2.1.2",
        "libsodium-wrappers": "0.7.8",
        "qrcode-generator": "1.4.4"
      }
    },
    "node_modules/@multiformats/base-x": {
      "version": "4.0.1",
      "resolved": "https://registry.npmjs.org/@multiformats/base-x/-/base-x-4.0.1.tgz",
      "integrity": "sha512-eMk0b9ReBbV23xXU693TAIrLyeO5iTgBZGSJfpqriG8UkYvr/hC9u9pyMlAakDNHWmbhMZCDs6KQO0jzKD8OTw=="
    },
    "node_modules/@types/chrome": {
      "version": "0.0.115",
      "resolved": "https://registry.npmjs.org/@types/chrome/-/chrome-0.0.115.tgz",
      "integrity": "sha512-pNoYoYgGuI1/kiz53kjrXrKIjn2H8YWOI+vxVTOubX6arCHk/m/jInoyflKiP2qZHZf8+P+hh6d2y9tjaG4BPQ==",
      "dependencies": {
        "@types/filesystem": "*",
        "@types/har-format": "*"
      }
    },
    "node_modules/@types/filesystem": {
      "version": "0.0.30",
      "resolved": "https://registry.npmjs.org/@types/filesystem/-/filesystem-0.0.30.tgz",
      "integrity": "sha512-NCoRgmGmLpTT9VFL6Bb6z0jQuqI3d0E5FGl7M0JOv/J5RQYo9s5aOItPYnpckx9MbYQk1APLXcF8f20Vqnf2yA==",
      "dependencies": {
        "@types/filewriter": "*"
      }
    },
    "node_modules/@types/filewriter": {
      "version": "0.0.29",
      "resolved": "https://registry.npmjs.org/@types/filewriter/-/filewriter-0.0.29.tgz",
      "integrity": "sha512-BsPXH/irW0ht0Ji6iw/jJaK8Lj3FJemon2gvEqHKpCdDCeemHa+rI3WBGq5z7cDMZgoLjY40oninGxqk+8NzNQ=="
    },
    "node_modules/@types/har-format": {
      "version": "1.2.5",
      "resolved": "https://registry.npmjs.org/@types/har-format/-/har-format-1.2.5.tgz",
      "integrity": "sha512-IG8AE1m2pWtPqQ7wXhFhy6Q59bwwnLwO36v5Rit2FrbXCIp8Sk8E2PfUCreyrdo17STwFSKDAkitVuVYbpEHvQ=="
    },
    "node_modules/@types/libsodium-wrappers": {
      "version": "0.7.7",
      "resolved": "https://registry.npmjs.org/@types/libsodium-wrappers/-/libsodium-wrappers-0.7.7.tgz",
      "integrity": "sha512-Li91pVKcLvQJK3ZolwCPo85oxf2gKBCApgnesRxYg4OVYchLXcJB2eivX8S87vfQVv6ZRnyCO1lLDosZGJfpRg=="
    },
    "node_modules/asynckit": {
      "version": "0.4.0",
      "resolved": "https://registry.npmjs.org/asynckit/-/asynckit-0.4.0.tgz",
      "integrity": "sha1-x57Zf380y48robyXkLzDZkdLS3k="
    },
    "node_modules/axios": {
      "version": "0.21.1",
      "resolved": "https://registry.npmjs.org/axios/-/axios-0.21.1.tgz",
      "integrity": "sha512-dKQiRHxGD9PPRIUNIWvZhPTPpl1rf/OxTYKsqKUDjBwYylTvV7SjSHJb9ratfyzM6wCdLCOYLzs73qpg5c4iGA==",
      "dependencies": {
        "follow-redirects": "^1.10.0"
      }
    },
    "node_modules/base-x": {
      "version": "3.0.8",
      "resolved": "https://registry.npmjs.org/base-x/-/base-x-3.0.8.tgz",
      "integrity": "sha512-Rl/1AWP4J/zRrk54hhlxH4drNxPJXYUaKffODVI53/dAsV4t9fBxyxYKAVPU1XBHxYwOWP9h9H0hM2MVw4YfJA==",
      "dependencies": {
        "safe-buffer": "^5.0.1"
      }
    },
    "node_modules/bignumber.js": {
      "version": "9.0.0",
      "resolved": "https://registry.npmjs.org/bignumber.js/-/bignumber.js-9.0.0.tgz",
      "integrity": "sha512-t/OYhhJ2SD+YGBQcjY8GzzDHEk9f3nerxjtfa6tlMXfe7frs/WozhvCNoGvpM0P3bNf3Gq5ZRMlGr5f3r4/N8A==",
      "engines": {
        "node": "*"
      }
    },
    "node_modules/blakejs": {
      "version": "1.1.0",
      "resolved": "https://registry.npmjs.org/blakejs/-/blakejs-1.1.0.tgz",
      "integrity": "sha1-ad+S75U6qIylGjLfarHFShVfx6U="
    },
    "node_modules/blob-polyfill": {
      "version": "4.0.20200601",
      "resolved": "https://registry.npmjs.org/blob-polyfill/-/blob-polyfill-4.0.20200601.tgz",
      "integrity": "sha512-1jB6WOIp6IDxNyng5+9A8g/f0uiphib2ELCN+XAnlssinsW8s1k4VYG9b1TxIUd3pdm9RJSLQuBh6iohYmD4hA=="
    },
    "node_modules/bs58": {
      "version": "4.0.1",
      "resolved": "https://registry.npmjs.org/bs58/-/bs58-4.0.1.tgz",
      "integrity": "sha1-vhYedsNU9veIrkBx9j806MTwpCo=",
      "dependencies": {
        "base-x": "^3.0.2"
      }
    },
    "node_modules/bs58check": {
      "version": "2.1.2",
      "resolved": "https://registry.npmjs.org/bs58check/-/bs58check-2.1.2.tgz",
      "integrity": "sha512-0TS1jicxdU09dwJMNZtVAfzPi6Q6QeN0pM1Fkzrjn+XYHvzMKPU3pHVpva+769iNVSfIYWf7LJ6WR+BuuMf8cA==",
      "dependencies": {
        "bs58": "^4.0.0",
        "create-hash": "^1.1.0",
        "safe-buffer": "^5.1.2"
      }
    },
    "node_modules/cids": {
      "version": "1.1.6",
      "resolved": "https://registry.npmjs.org/cids/-/cids-1.1.6.tgz",
      "integrity": "sha512-5P+Jas2bVpjiHibp/SOwKY+v7JhAjTChaAZN+vCIrsWXn/JZV0frX22Vp5zZgEyJRPco79pX+yNQ2S3LkRukHQ==",
      "dependencies": {
        "multibase": "^4.0.1",
        "multicodec": "^3.0.1",
        "multihashes": "^4.0.1",
        "uint8arrays": "^2.1.3"
      },
      "engines": {
        "node": ">=4.0.0",
        "npm": ">=3.0.0"
      }
    },
    "node_modules/cipher-base": {
      "version": "1.0.4",
      "resolved": "https://registry.npmjs.org/cipher-base/-/cipher-base-1.0.4.tgz",
      "integrity": "sha512-Kkht5ye6ZGmwv40uUDZztayT2ThLQGfnj/T71N/XzeZeo3nf8foyW7zGTsPYkEya3m5f3cAypH+qe7YOrM1U2Q==",
      "dependencies": {
        "inherits": "^2.0.1",
        "safe-buffer": "^5.0.1"
      }
    },
    "node_modules/combined-stream": {
      "version": "1.0.8",
      "resolved": "https://registry.npmjs.org/combined-stream/-/combined-stream-1.0.8.tgz",
      "integrity": "sha512-FQN4MRfuJeHf7cBbBMJFXhKSDq+2kAArBlmRBvcvFE5BB1HZKXtSFASDhdlz9zOYwxh8lDdnvmMOe/+5cdoEdg==",
      "dependencies": {
        "delayed-stream": "~1.0.0"
      },
      "engines": {
        "node": ">= 0.8"
      }
    },
    "node_modules/cookiejar": {
      "version": "2.1.2",
      "resolved": "https://registry.npmjs.org/cookiejar/-/cookiejar-2.1.2.tgz",
      "integrity": "sha512-Mw+adcfzPxcPeI+0WlvRrr/3lGVO0bD75SxX6811cxSh1Wbxx7xZBGK1eVtDf6si8rg2lhnUjsVLMFMfbRIuwA=="
    },
    "node_modules/create-hash": {
      "version": "1.2.0",
      "resolved": "https://registry.npmjs.org/create-hash/-/create-hash-1.2.0.tgz",
      "integrity": "sha512-z00bCGNHDG8mHAkP7CtT1qVu+bFQUPjYq/4Iv3C3kWjTFV10zIjfSoeqXo9Asws8gwSHDGj/hl2u4OGIjapeCg==",
      "dependencies": {
        "cipher-base": "^1.0.1",
        "inherits": "^2.0.1",
        "md5.js": "^1.3.4",
        "ripemd160": "^2.0.1",
        "sha.js": "^2.4.0"
      }
    },
    "node_modules/cross-blob": {
      "version": "2.0.0",
      "resolved": "https://registry.npmjs.org/cross-blob/-/cross-blob-2.0.0.tgz",
      "integrity": "sha512-NWzFuyG4GTZnM9MtQvjPYVlO12lZCSBdoHIHCZl9WKShsK3CqO+bEH7nuKwlVomlByb37XvT6nVY5uQxDBmk5Q==",
      "dependencies": {
        "blob-polyfill": "^4.0.20200601",
        "fetch-blob": "^2.0.1"
      },
      "engines": {
        "node": "^10.17.0 || >=12.3.0"
      }
    },
    "node_modules/cross-fetch": {
      "version": "3.1.4",
      "resolved": "https://registry.npmjs.org/cross-fetch/-/cross-fetch-3.1.4.tgz",
      "integrity": "sha512-1eAtFWdIubi6T4XPy6ei9iUFoKpUkIF971QLN8lIvvvwueI65+Nw5haMNKUwfJxabqlIIDODJKGrQ66gxC0PbQ==",
      "dependencies": {
        "node-fetch": "2.6.1"
      }
    },
    "node_modules/delayed-stream": {
      "version": "1.0.0",
      "resolved": "https://registry.npmjs.org/delayed-stream/-/delayed-stream-1.0.0.tgz",
      "integrity": "sha1-3zrhmayt+31ECqrgsp4icrJOxhk=",
      "engines": {
        "node": ">=0.4.0"
      }
    },
    "node_modules/err-code": {
      "version": "3.0.1",
      "resolved": "https://registry.npmjs.org/err-code/-/err-code-3.0.1.tgz",
      "integrity": "sha512-GiaH0KJUewYok+eeY05IIgjtAe4Yltygk9Wqp1V5yVWLdhf0hYZchRjNIT9bb0mSwRcIusT3cx7PJUf3zEIfUA=="
    },
    "node_modules/fetch-blob": {
      "version": "2.1.2",
      "resolved": "https://registry.npmjs.org/fetch-blob/-/fetch-blob-2.1.2.tgz",
      "integrity": "sha512-YKqtUDwqLyfyMnmbw8XD6Q8j9i/HggKtPEI+pZ1+8bvheBu78biSmNaXWusx1TauGqtUUGx/cBb1mKdq2rLYow==",
      "engines": {
        "node": "^10.17.0 || >=12.3.0"
      },
      "peerDependenciesMeta": {
        "domexception": {
          "optional": true
        }
      }
    },
    "node_modules/follow-redirects": {
      "version": "1.14.1",
      "resolved": "https://registry.npmjs.org/follow-redirects/-/follow-redirects-1.14.1.tgz",
      "integrity": "sha512-HWqDgT7ZEkqRzBvc2s64vSZ/hfOceEol3ac/7tKwzuvEyWx3/4UegXh5oBOIotkGsObyk3xznnSRVADBgWSQVg==",
      "funding": [
        {
          "type": "individual",
          "url": "https://github.com/sponsors/RubenVerborgh"
        }
      ],
      "engines": {
        "node": ">=4.0"
      },
      "peerDependenciesMeta": {
        "debug": {
          "optional": true
        }
      }
    },
    "node_modules/form-data": {
      "version": "4.0.0",
      "resolved": "https://registry.npmjs.org/form-data/-/form-data-4.0.0.tgz",
      "integrity": "sha512-ETEklSGi5t0QMZuiXoA/Q6vcnxcLQP5vdugSpuAyi6SVGi2clPPp+xgEhuMaHC+zGgn31Kd235W35f7Hykkaww==",
      "dependencies": {
        "asynckit": "^0.4.0",
        "combined-stream": "^1.0.8",
        "mime-types": "^2.1.12"
      },
      "engines": {
        "node": ">= 6"
      }
    },
    "node_modules/hash-base": {
      "version": "3.1.0",
      "resolved": "https://registry.npmjs.org/hash-base/-/hash-base-3.1.0.tgz",
      "integrity": "sha512-1nmYp/rhMDiE7AYkDw+lLwlAzz0AntGIe51F3RfFfEqyQ3feY2eI/NcwC6umIQVOASPMsWJLJScWKSSvzL9IVA==",
      "dependencies": {
        "inherits": "^2.0.4",
        "readable-stream": "^3.6.0",
        "safe-buffer": "^5.2.0"
      },
      "engines": {
        "node": ">=4"
      }
    },
    "node_modules/inherits": {
      "version": "2.0.4",
      "resolved": "https://registry.npmjs.org/inherits/-/inherits-2.0.4.tgz",
      "integrity": "sha512-k/vGaX4/Yla3WzyMCvTQOXYeIHvqOKtnqBduzTHpzpQZzAskKMhZ2K+EnBiSM9zGSoIFeMpXKxa4dYeZIQqewQ=="
    },
    "node_modules/itty-router": {
      "version": "2.3.6",
      "resolved": "https://registry.npmjs.org/itty-router/-/itty-router-2.3.6.tgz",
      "integrity": "sha512-rBCVdpNa7NFFskwWzXAT846bCMIIrUq9Nhntr6w6qhX7MuGWFWElQYQ6DQ4XCOGsNQzEpfTXHSWQBpIDjVbIiw=="
    },
    "node_modules/js-sha3": {
      "version": "0.8.0",
      "resolved": "https://registry.npmjs.org/js-sha3/-/js-sha3-0.8.0.tgz",
      "integrity": "sha512-gF1cRrHhIzNfToc802P800N8PpXS+evLLXfsVpowqmAFR9uwbi89WvXg2QspOmXL8QL86J4T1EpFu+yUkwJY3Q=="
    },
    "node_modules/kepler-sdk": {
      "version": "0.3.0",
      "resolved": "https://registry.npmjs.org/kepler-sdk/-/kepler-sdk-0.3.0.tgz",
      "integrity": "sha512-M1mpv9WrPVx+R1Or9yHSADZxvwv6Ycyv5LX1yWzEU34FECkWBs2hxVaAgC8ZPUP/etIgBh1BSqm3VA+tS8YYqw==",
      "dependencies": {
        "@airgap/beacon-sdk": "^2.2.3",
        "cids": "^1.1.6",
        "cross-blob": "^2.0.0",
        "cross-fetch": "^3.1.4",
        "form-data": "^4.0.0",
        "multihashing-async": "^2.1.2"
      }
    },
    "node_modules/libsodium": {
      "version": "0.7.8",
      "resolved": "https://registry.npmjs.org/libsodium/-/libsodium-0.7.8.tgz",
      "integrity": "sha512-/Qc+APf0jbeWSaeEruH0L1/tbbT+sbf884ZL0/zV/0JXaDPBzYkKbyb/wmxMHgAHzm3t6gqe7bOOXAVwfqVikQ=="
    },
    "node_modules/libsodium-wrappers": {
      "version": "0.7.8",
      "resolved": "https://registry.npmjs.org/libsodium-wrappers/-/libsodium-wrappers-0.7.8.tgz",
      "integrity": "sha512-PDhPWXBqd/SaqAFUBgH2Ux7b3VEEJgyD6BQB+VdNFJb9PbExGr/T/myc/MBoSvl8qLzfm0W0IVByOQS5L1MrCg==",
      "dependencies": {
        "libsodium": "0.7.8"
      }
    },
    "node_modules/md5.js": {
      "version": "1.3.5",
      "resolved": "https://registry.npmjs.org/md5.js/-/md5.js-1.3.5.tgz",
      "integrity": "sha512-xitP+WxNPcTTOgnTJcrhM0xvdPepipPSf3I8EIpGKeFLjt3PlJLIDG3u8EX53ZIubkb+5U2+3rELYpEhHhzdkg==",
      "dependencies": {
        "hash-base": "^3.0.0",
        "inherits": "^2.0.1",
        "safe-buffer": "^5.1.2"
      }
    },
    "node_modules/mime-db": {
      "version": "1.47.0",
      "resolved": "https://registry.npmjs.org/mime-db/-/mime-db-1.47.0.tgz",
      "integrity": "sha512-QBmA/G2y+IfeS4oktet3qRZ+P5kPhCKRXxXnQEudYqUaEioAU1/Lq2us3D/t1Jfo4hE9REQPrbB7K5sOczJVIw==",
      "engines": {
        "node": ">= 0.6"
      }
    },
    "node_modules/mime-types": {
      "version": "2.1.30",
      "resolved": "https://registry.npmjs.org/mime-types/-/mime-types-2.1.30.tgz",
      "integrity": "sha512-crmjA4bLtR8m9qLpHvgxSChT+XoSlZi8J4n/aIdn3z92e/U47Z0V/yl+Wh9W046GgFVAmoNR/fmdbZYcSSIUeg==",
      "dependencies": {
        "mime-db": "1.47.0"
      },
      "engines": {
        "node": ">= 0.6"
      }
    },
    "node_modules/multibase": {
      "version": "4.0.4",
      "resolved": "https://registry.npmjs.org/multibase/-/multibase-4.0.4.tgz",
      "integrity": "sha512-8/JmrdSGzlw6KTgAJCOqUBSGd1V6186i/X8dDCGy/lbCKrQ+1QB6f3HE+wPr7Tpdj4U3gutaj9jG2rNX6UpiJg==",
      "dependencies": {
        "@multiformats/base-x": "^4.0.1"
      },
      "engines": {
        "node": ">=12.0.0",
        "npm": ">=6.0.0"
      }
    },
    "node_modules/multicodec": {
      "version": "3.0.1",
      "resolved": "https://registry.npmjs.org/multicodec/-/multicodec-3.0.1.tgz",
      "integrity": "sha512-Y6j3wiPojvkF/z6KFIGt84KdJdP2oILEdzc/3YbD3qQ3EerhqtYlfsZTPPNVoCCxNZZdzIpCKrdYFSav17sIrQ==",
      "dependencies": {
        "uint8arrays": "^2.1.3",
        "varint": "^5.0.2"
      }
    },
    "node_modules/multihashes": {
      "version": "4.0.2",
      "resolved": "https://registry.npmjs.org/multihashes/-/multihashes-4.0.2.tgz",
      "integrity": "sha512-xpx++1iZr4ZQHjN1mcrXS6904R36LWLxX/CBifczjtmrtCXEX623DMWOF1eiNSg+pFpiZDFVBgou/4v6ayCHSQ==",
      "dependencies": {
        "multibase": "^4.0.1",
        "uint8arrays": "^2.1.3",
        "varint": "^5.0.2"
      },
      "engines": {
        "node": ">=12.0.0",
        "npm": ">=6.0.0"
      }
    },
    "node_modules/multihashing-async": {
      "version": "2.1.2",
      "resolved": "https://registry.npmjs.org/multihashing-async/-/multihashing-async-2.1.2.tgz",
      "integrity": "sha512-FTPNnWWxwIK5dXXmTFhySSF8Fkdqf7vzqpV09+RWsmfUhrsL/b3Arg3+bRrBnXTtjxm3JRGI3wSAtQHL0QCxhQ==",
      "dependencies": {
        "blakejs": "^1.1.0",
        "err-code": "^3.0.0",
        "js-sha3": "^0.8.0",
        "multihashes": "^4.0.1",
        "murmurhash3js-revisited": "^3.0.0",
        "uint8arrays": "^2.1.3"
      },
      "engines": {
        "node": ">=12.0.0",
        "npm": ">=6.0.0"
      }
    },
    "node_modules/murmurhash3js-revisited": {
      "version": "3.0.0",
      "resolved": "https://registry.npmjs.org/murmurhash3js-revisited/-/murmurhash3js-revisited-3.0.0.tgz",
      "integrity": "sha512-/sF3ee6zvScXMb1XFJ8gDsSnY+X8PbOyjIuBhtgis10W2Jx4ZjIhikUCIF9c4gpJxVnQIsPAFrSwTCuAjicP6g==",
      "engines": {
        "node": ">=8.0.0"
      }
    },
    "node_modules/node-fetch": {
      "version": "2.6.1",
      "resolved": "https://registry.npmjs.org/node-fetch/-/node-fetch-2.6.1.tgz",
      "integrity": "sha512-V4aYg89jEoVRxRb2fJdAg8FHvI7cEyYdVAh94HH0UIK8oJxUfkjlDQN9RbMx+bEjP7+ggMiFRprSti032Oipxw==",
      "engines": {
        "node": "4.x || >=6.0.0"
      }
    },
    "node_modules/prettier": {
      "version": "1.19.1",
      "resolved": "https://registry.npmjs.org/prettier/-/prettier-1.19.1.tgz",
      "integrity": "sha512-s7PoyDv/II1ObgQunCbB9PdLmUcBZcnWOcxDh7O0N/UwDEsHyqkW+Qh28jW+mVuCdx7gLB0BotYI1Y6uI9iyew==",
      "dev": true,
      "bin": {
        "prettier": "bin-prettier.js"
      },
      "engines": {
        "node": ">=4"
      }
    },
    "node_modules/qrcode-generator": {
      "version": "1.4.4",
      "resolved": "https://registry.npmjs.org/qrcode-generator/-/qrcode-generator-1.4.4.tgz",
      "integrity": "sha512-HM7yY8O2ilqhmULxGMpcHSF1EhJJ9yBj8gvDEuZ6M+KGJ0YY2hKpnXvRD+hZPLrDVck3ExIGhmPtSdcjC+guuw=="
    },
    "node_modules/readable-stream": {
      "version": "3.6.0",
      "resolved": "https://registry.npmjs.org/readable-stream/-/readable-stream-3.6.0.tgz",
      "integrity": "sha512-BViHy7LKeTz4oNnkcLJ+lVSL6vpiFeX6/d3oSH8zCW7UxP2onchk+vTGB143xuFjHS3deTgkKoXXymXqymiIdA==",
      "dependencies": {
        "inherits": "^2.0.3",
        "string_decoder": "^1.1.1",
        "util-deprecate": "^1.0.1"
      },
      "engines": {
        "node": ">= 6"
      }
    },
    "node_modules/ripemd160": {
      "version": "2.0.2",
      "resolved": "https://registry.npmjs.org/ripemd160/-/ripemd160-2.0.2.tgz",
      "integrity": "sha512-ii4iagi25WusVoiC4B4lq7pbXfAp3D9v5CwfkY33vffw2+pkDjY1D8GaN7spsxvCSx8dkPqOZCEZyfxcmJG2IA==",
      "dependencies": {
        "hash-base": "^3.0.0",
        "inherits": "^2.0.1"
      }
    },
    "node_modules/safe-buffer": {
      "version": "5.2.1",
      "resolved": "https://registry.npmjs.org/safe-buffer/-/safe-buffer-5.2.1.tgz",
      "integrity": "sha512-rp3So07KcdmmKbGvgaNxQSJr7bGVSVk5S9Eq1F+ppbRo70+YeaDxkw5Dd8NPN+GD6bjnYm2VuPuCXmpuYvmCXQ==",
      "funding": [
        {
          "type": "github",
          "url": "https://github.com/sponsors/feross"
        },
        {
          "type": "patreon",
          "url": "https://www.patreon.com/feross"
        },
        {
          "type": "consulting",
          "url": "https://feross.org/support"
        }
      ]
    },
    "node_modules/sha.js": {
      "version": "2.4.11",
      "resolved": "https://registry.npmjs.org/sha.js/-/sha.js-2.4.11.tgz",
      "integrity": "sha512-QMEp5B7cftE7APOjk5Y6xgrbWu+WkLVQwk8JNjZ8nKRciZaByEW6MubieAiToS7+dwvrjGhH8jRXz3MVd0AYqQ==",
      "dependencies": {
        "inherits": "^2.0.1",
        "safe-buffer": "^5.0.1"
      },
      "bin": {
        "sha.js": "bin.js"
      }
    },
    "node_modules/string_decoder": {
      "version": "1.3.0",
      "resolved": "https://registry.npmjs.org/string_decoder/-/string_decoder-1.3.0.tgz",
      "integrity": "sha512-hkRX8U1WjJFd8LsDJ2yQ/wWWxaopEsABU1XfkM8A+j0+85JAGppt16cr1Whg6KIbb4okU6Mql6BOj+uup/wKeA==",
      "dependencies": {
        "safe-buffer": "~5.2.0"
      }
    },
    "node_modules/tzprofiles": {
      "resolved": "../../contract",
      "link": true
    },
    "node_modules/uint8arrays": {
      "version": "2.1.5",
      "resolved": "https://registry.npmjs.org/uint8arrays/-/uint8arrays-2.1.5.tgz",
      "integrity": "sha512-CSR7AO+4AHUeSOnZ/NBNCElDeWfRh9bXtOck27083kc7SznmmHIhNEkEOCQOn0wvrIMjS3IH0TNLR16vuc46mA==",
      "dependencies": {
        "multibase": "^4.0.1"
      }
    },
    "node_modules/util-deprecate": {
      "version": "1.0.2",
      "resolved": "https://registry.npmjs.org/util-deprecate/-/util-deprecate-1.0.2.tgz",
      "integrity": "sha1-RQ1Nyfpw3nMnYvvS1KKJgUGaDM8="
    },
    "node_modules/varint": {
      "version": "5.0.2",
      "resolved": "https://registry.npmjs.org/varint/-/varint-5.0.2.tgz",
      "integrity": "sha512-lKxKYG6H03yCZUpAGOPOsMcGxd1RHCu1iKvEHYDPmTyq2HueGhD73ssNBqqQWfvYs04G9iUFRvmAVLW20Jw6ow=="
    },
    "node_modules/xhr2": {
      "version": "0.2.1",
      "resolved": "https://registry.npmjs.org/xhr2/-/xhr2-0.2.1.tgz",
      "integrity": "sha512-sID0rrVCqkVNUn8t6xuv9+6FViXjUVXq8H5rWOH2rz9fDNQEd4g0EA2XlcEdJXRz5BMEn4O1pJFdT+z4YHhoWw==",
      "engines": {
        "node": ">= 6"
      }
    },
    "node_modules/xhr2-cookies": {
      "version": "1.1.0",
      "resolved": "https://registry.npmjs.org/xhr2-cookies/-/xhr2-cookies-1.1.0.tgz",
      "integrity": "sha1-fXdEnQmZGX8VXLc7I99yUF7YnUg=",
      "dependencies": {
        "cookiejar": "^2.1.1"
      }
    },
    "node_modules/xmlhttprequest": {
      "version": "1.8.0",
      "resolved": "https://registry.npmjs.org/xmlhttprequest/-/xmlhttprequest-1.8.0.tgz",
      "integrity": "sha1-Z/4HXFwk/vOfnWX197f+dRcZaPw=",
      "engines": {
        "node": ">=0.4.0"
      }
    }
  },
  "dependencies": {
    "@airgap/beacon-sdk": {
      "version": "2.2.6",
      "resolved": "https://registry.npmjs.org/@airgap/beacon-sdk/-/beacon-sdk-2.2.6.tgz",
      "integrity": "sha512-8makwjrcgrP6dfR0OVQPT7LgYdcKFNW5Jc1urca0RMdTIGzxJlDmSDKrd7ha8doIy4oN+maWtCYAFGPTphHcWg==",
      "requires": {
        "@types/chrome": "0.0.115",
        "@types/libsodium-wrappers": "0.7.7",
        "axios": "0.21.1",
        "bignumber.js": "9.0.0",
        "bs58check": "2.1.2",
        "libsodium-wrappers": "0.7.8",
        "qrcode-generator": "1.4.4"
      }
    },
    "@multiformats/base-x": {
      "version": "4.0.1",
      "resolved": "https://registry.npmjs.org/@multiformats/base-x/-/base-x-4.0.1.tgz",
      "integrity": "sha512-eMk0b9ReBbV23xXU693TAIrLyeO5iTgBZGSJfpqriG8UkYvr/hC9u9pyMlAakDNHWmbhMZCDs6KQO0jzKD8OTw=="
    },
    "@types/chrome": {
      "version": "0.0.115",
      "resolved": "https://registry.npmjs.org/@types/chrome/-/chrome-0.0.115.tgz",
      "integrity": "sha512-pNoYoYgGuI1/kiz53kjrXrKIjn2H8YWOI+vxVTOubX6arCHk/m/jInoyflKiP2qZHZf8+P+hh6d2y9tjaG4BPQ==",
      "requires": {
        "@types/filesystem": "*",
        "@types/har-format": "*"
      }
    },
    "@types/filesystem": {
      "version": "0.0.30",
      "resolved": "https://registry.npmjs.org/@types/filesystem/-/filesystem-0.0.30.tgz",
      "integrity": "sha512-NCoRgmGmLpTT9VFL6Bb6z0jQuqI3d0E5FGl7M0JOv/J5RQYo9s5aOItPYnpckx9MbYQk1APLXcF8f20Vqnf2yA==",
      "requires": {
        "@types/filewriter": "*"
      }
    },
    "@types/filewriter": {
      "version": "0.0.29",
      "resolved": "https://registry.npmjs.org/@types/filewriter/-/filewriter-0.0.29.tgz",
      "integrity": "sha512-BsPXH/irW0ht0Ji6iw/jJaK8Lj3FJemon2gvEqHKpCdDCeemHa+rI3WBGq5z7cDMZgoLjY40oninGxqk+8NzNQ=="
    },
    "@types/har-format": {
      "version": "1.2.5",
      "resolved": "https://registry.npmjs.org/@types/har-format/-/har-format-1.2.5.tgz",
      "integrity": "sha512-IG8AE1m2pWtPqQ7wXhFhy6Q59bwwnLwO36v5Rit2FrbXCIp8Sk8E2PfUCreyrdo17STwFSKDAkitVuVYbpEHvQ=="
    },
    "@types/libsodium-wrappers": {
      "version": "0.7.7",
      "resolved": "https://registry.npmjs.org/@types/libsodium-wrappers/-/libsodium-wrappers-0.7.7.tgz",
      "integrity": "sha512-Li91pVKcLvQJK3ZolwCPo85oxf2gKBCApgnesRxYg4OVYchLXcJB2eivX8S87vfQVv6ZRnyCO1lLDosZGJfpRg=="
    },
    "asynckit": {
      "version": "0.4.0",
      "resolved": "https://registry.npmjs.org/asynckit/-/asynckit-0.4.0.tgz",
      "integrity": "sha1-x57Zf380y48robyXkLzDZkdLS3k="
    },
    "axios": {
      "version": "0.21.1",
      "resolved": "https://registry.npmjs.org/axios/-/axios-0.21.1.tgz",
      "integrity": "sha512-dKQiRHxGD9PPRIUNIWvZhPTPpl1rf/OxTYKsqKUDjBwYylTvV7SjSHJb9ratfyzM6wCdLCOYLzs73qpg5c4iGA==",
      "requires": {
        "follow-redirects": "^1.10.0"
      }
    },
    "base-x": {
      "version": "3.0.8",
      "resolved": "https://registry.npmjs.org/base-x/-/base-x-3.0.8.tgz",
      "integrity": "sha512-Rl/1AWP4J/zRrk54hhlxH4drNxPJXYUaKffODVI53/dAsV4t9fBxyxYKAVPU1XBHxYwOWP9h9H0hM2MVw4YfJA==",
      "requires": {
        "safe-buffer": "^5.0.1"
      }
    },
    "bignumber.js": {
      "version": "9.0.0",
      "resolved": "https://registry.npmjs.org/bignumber.js/-/bignumber.js-9.0.0.tgz",
      "integrity": "sha512-t/OYhhJ2SD+YGBQcjY8GzzDHEk9f3nerxjtfa6tlMXfe7frs/WozhvCNoGvpM0P3bNf3Gq5ZRMlGr5f3r4/N8A=="
    },
    "blakejs": {
      "version": "1.1.0",
      "resolved": "https://registry.npmjs.org/blakejs/-/blakejs-1.1.0.tgz",
      "integrity": "sha1-ad+S75U6qIylGjLfarHFShVfx6U="
    },
    "blob-polyfill": {
      "version": "4.0.20200601",
      "resolved": "https://registry.npmjs.org/blob-polyfill/-/blob-polyfill-4.0.20200601.tgz",
      "integrity": "sha512-1jB6WOIp6IDxNyng5+9A8g/f0uiphib2ELCN+XAnlssinsW8s1k4VYG9b1TxIUd3pdm9RJSLQuBh6iohYmD4hA=="
    },
    "bs58": {
      "version": "4.0.1",
      "resolved": "https://registry.npmjs.org/bs58/-/bs58-4.0.1.tgz",
      "integrity": "sha1-vhYedsNU9veIrkBx9j806MTwpCo=",
      "requires": {
        "base-x": "^3.0.2"
      }
    },
    "bs58check": {
      "version": "2.1.2",
      "resolved": "https://registry.npmjs.org/bs58check/-/bs58check-2.1.2.tgz",
      "integrity": "sha512-0TS1jicxdU09dwJMNZtVAfzPi6Q6QeN0pM1Fkzrjn+XYHvzMKPU3pHVpva+769iNVSfIYWf7LJ6WR+BuuMf8cA==",
      "requires": {
        "bs58": "^4.0.0",
        "create-hash": "^1.1.0",
        "safe-buffer": "^5.1.2"
      }
    },
    "cids": {
      "version": "1.1.6",
      "resolved": "https://registry.npmjs.org/cids/-/cids-1.1.6.tgz",
      "integrity": "sha512-5P+Jas2bVpjiHibp/SOwKY+v7JhAjTChaAZN+vCIrsWXn/JZV0frX22Vp5zZgEyJRPco79pX+yNQ2S3LkRukHQ==",
      "requires": {
        "multibase": "^4.0.1",
        "multicodec": "^3.0.1",
        "multihashes": "^4.0.1",
        "uint8arrays": "^2.1.3"
      }
    },
    "cipher-base": {
      "version": "1.0.4",
      "resolved": "https://registry.npmjs.org/cipher-base/-/cipher-base-1.0.4.tgz",
      "integrity": "sha512-Kkht5ye6ZGmwv40uUDZztayT2ThLQGfnj/T71N/XzeZeo3nf8foyW7zGTsPYkEya3m5f3cAypH+qe7YOrM1U2Q==",
      "requires": {
        "inherits": "^2.0.1",
        "safe-buffer": "^5.0.1"
      }
    },
    "combined-stream": {
      "version": "1.0.8",
      "resolved": "https://registry.npmjs.org/combined-stream/-/combined-stream-1.0.8.tgz",
      "integrity": "sha512-FQN4MRfuJeHf7cBbBMJFXhKSDq+2kAArBlmRBvcvFE5BB1HZKXtSFASDhdlz9zOYwxh8lDdnvmMOe/+5cdoEdg==",
      "requires": {
        "delayed-stream": "~1.0.0"
      }
    },
    "cookiejar": {
      "version": "2.1.2",
      "resolved": "https://registry.npmjs.org/cookiejar/-/cookiejar-2.1.2.tgz",
      "integrity": "sha512-Mw+adcfzPxcPeI+0WlvRrr/3lGVO0bD75SxX6811cxSh1Wbxx7xZBGK1eVtDf6si8rg2lhnUjsVLMFMfbRIuwA=="
    },
    "create-hash": {
      "version": "1.2.0",
      "resolved": "https://registry.npmjs.org/create-hash/-/create-hash-1.2.0.tgz",
      "integrity": "sha512-z00bCGNHDG8mHAkP7CtT1qVu+bFQUPjYq/4Iv3C3kWjTFV10zIjfSoeqXo9Asws8gwSHDGj/hl2u4OGIjapeCg==",
      "requires": {
        "cipher-base": "^1.0.1",
        "inherits": "^2.0.1",
        "md5.js": "^1.3.4",
        "ripemd160": "^2.0.1",
        "sha.js": "^2.4.0"
      }
    },
    "cross-blob": {
      "version": "2.0.0",
      "resolved": "https://registry.npmjs.org/cross-blob/-/cross-blob-2.0.0.tgz",
      "integrity": "sha512-NWzFuyG4GTZnM9MtQvjPYVlO12lZCSBdoHIHCZl9WKShsK3CqO+bEH7nuKwlVomlByb37XvT6nVY5uQxDBmk5Q==",
      "requires": {
        "blob-polyfill": "^4.0.20200601",
        "fetch-blob": "^2.0.1"
      }
    },
    "cross-fetch": {
      "version": "3.1.4",
      "resolved": "https://registry.npmjs.org/cross-fetch/-/cross-fetch-3.1.4.tgz",
      "integrity": "sha512-1eAtFWdIubi6T4XPy6ei9iUFoKpUkIF971QLN8lIvvvwueI65+Nw5haMNKUwfJxabqlIIDODJKGrQ66gxC0PbQ==",
      "requires": {
        "node-fetch": "2.6.1"
      }
    },
    "delayed-stream": {
      "version": "1.0.0",
      "resolved": "https://registry.npmjs.org/delayed-stream/-/delayed-stream-1.0.0.tgz",
      "integrity": "sha1-3zrhmayt+31ECqrgsp4icrJOxhk="
    },
    "err-code": {
      "version": "3.0.1",
      "resolved": "https://registry.npmjs.org/err-code/-/err-code-3.0.1.tgz",
      "integrity": "sha512-GiaH0KJUewYok+eeY05IIgjtAe4Yltygk9Wqp1V5yVWLdhf0hYZchRjNIT9bb0mSwRcIusT3cx7PJUf3zEIfUA=="
    },
    "fetch-blob": {
      "version": "2.1.2",
      "resolved": "https://registry.npmjs.org/fetch-blob/-/fetch-blob-2.1.2.tgz",
      "integrity": "sha512-YKqtUDwqLyfyMnmbw8XD6Q8j9i/HggKtPEI+pZ1+8bvheBu78biSmNaXWusx1TauGqtUUGx/cBb1mKdq2rLYow=="
    },
    "follow-redirects": {
      "version": "1.14.1",
      "resolved": "https://registry.npmjs.org/follow-redirects/-/follow-redirects-1.14.1.tgz",
      "integrity": "sha512-HWqDgT7ZEkqRzBvc2s64vSZ/hfOceEol3ac/7tKwzuvEyWx3/4UegXh5oBOIotkGsObyk3xznnSRVADBgWSQVg=="
    },
    "form-data": {
      "version": "4.0.0",
      "resolved": "https://registry.npmjs.org/form-data/-/form-data-4.0.0.tgz",
      "integrity": "sha512-ETEklSGi5t0QMZuiXoA/Q6vcnxcLQP5vdugSpuAyi6SVGi2clPPp+xgEhuMaHC+zGgn31Kd235W35f7Hykkaww==",
      "requires": {
        "asynckit": "^0.4.0",
        "combined-stream": "^1.0.8",
        "mime-types": "^2.1.12"
      }
    },
    "hash-base": {
      "version": "3.1.0",
      "resolved": "https://registry.npmjs.org/hash-base/-/hash-base-3.1.0.tgz",
      "integrity": "sha512-1nmYp/rhMDiE7AYkDw+lLwlAzz0AntGIe51F3RfFfEqyQ3feY2eI/NcwC6umIQVOASPMsWJLJScWKSSvzL9IVA==",
      "requires": {
        "inherits": "^2.0.4",
        "readable-stream": "^3.6.0",
        "safe-buffer": "^5.2.0"
      }
    },
    "inherits": {
      "version": "2.0.4",
      "resolved": "https://registry.npmjs.org/inherits/-/inherits-2.0.4.tgz",
      "integrity": "sha512-k/vGaX4/Yla3WzyMCvTQOXYeIHvqOKtnqBduzTHpzpQZzAskKMhZ2K+EnBiSM9zGSoIFeMpXKxa4dYeZIQqewQ=="
    },
    "itty-router": {
      "version": "2.3.6",
      "resolved": "https://registry.npmjs.org/itty-router/-/itty-router-2.3.6.tgz",
      "integrity": "sha512-rBCVdpNa7NFFskwWzXAT846bCMIIrUq9Nhntr6w6qhX7MuGWFWElQYQ6DQ4XCOGsNQzEpfTXHSWQBpIDjVbIiw=="
    },
    "js-sha3": {
      "version": "0.8.0",
      "resolved": "https://registry.npmjs.org/js-sha3/-/js-sha3-0.8.0.tgz",
      "integrity": "sha512-gF1cRrHhIzNfToc802P800N8PpXS+evLLXfsVpowqmAFR9uwbi89WvXg2QspOmXL8QL86J4T1EpFu+yUkwJY3Q=="
    },
    "kepler-sdk": {
      "version": "0.3.0",
      "resolved": "https://registry.npmjs.org/kepler-sdk/-/kepler-sdk-0.3.0.tgz",
      "integrity": "sha512-M1mpv9WrPVx+R1Or9yHSADZxvwv6Ycyv5LX1yWzEU34FECkWBs2hxVaAgC8ZPUP/etIgBh1BSqm3VA+tS8YYqw==",
      "requires": {
        "@airgap/beacon-sdk": "^2.2.3",
        "cids": "^1.1.6",
        "cross-blob": "^2.0.0",
        "cross-fetch": "^3.1.4",
        "form-data": "^4.0.0",
        "multihashing-async": "^2.1.2"
      }
    },
    "libsodium": {
      "version": "0.7.8",
      "resolved": "https://registry.npmjs.org/libsodium/-/libsodium-0.7.8.tgz",
      "integrity": "sha512-/Qc+APf0jbeWSaeEruH0L1/tbbT+sbf884ZL0/zV/0JXaDPBzYkKbyb/wmxMHgAHzm3t6gqe7bOOXAVwfqVikQ=="
    },
    "libsodium-wrappers": {
      "version": "0.7.8",
      "resolved": "https://registry.npmjs.org/libsodium-wrappers/-/libsodium-wrappers-0.7.8.tgz",
      "integrity": "sha512-PDhPWXBqd/SaqAFUBgH2Ux7b3VEEJgyD6BQB+VdNFJb9PbExGr/T/myc/MBoSvl8qLzfm0W0IVByOQS5L1MrCg==",
      "requires": {
        "libsodium": "0.7.8"
      }
    },
    "md5.js": {
      "version": "1.3.5",
      "resolved": "https://registry.npmjs.org/md5.js/-/md5.js-1.3.5.tgz",
      "integrity": "sha512-xitP+WxNPcTTOgnTJcrhM0xvdPepipPSf3I8EIpGKeFLjt3PlJLIDG3u8EX53ZIubkb+5U2+3rELYpEhHhzdkg==",
      "requires": {
        "hash-base": "^3.0.0",
        "inherits": "^2.0.1",
        "safe-buffer": "^5.1.2"
      }
    },
    "mime-db": {
      "version": "1.47.0",
      "resolved": "https://registry.npmjs.org/mime-db/-/mime-db-1.47.0.tgz",
      "integrity": "sha512-QBmA/G2y+IfeS4oktet3qRZ+P5kPhCKRXxXnQEudYqUaEioAU1/Lq2us3D/t1Jfo4hE9REQPrbB7K5sOczJVIw=="
    },
    "mime-types": {
      "version": "2.1.30",
      "resolved": "https://registry.npmjs.org/mime-types/-/mime-types-2.1.30.tgz",
      "integrity": "sha512-crmjA4bLtR8m9qLpHvgxSChT+XoSlZi8J4n/aIdn3z92e/U47Z0V/yl+Wh9W046GgFVAmoNR/fmdbZYcSSIUeg==",
      "requires": {
        "mime-db": "1.47.0"
      }
    },
    "multibase": {
      "version": "4.0.4",
      "resolved": "https://registry.npmjs.org/multibase/-/multibase-4.0.4.tgz",
      "integrity": "sha512-8/JmrdSGzlw6KTgAJCOqUBSGd1V6186i/X8dDCGy/lbCKrQ+1QB6f3HE+wPr7Tpdj4U3gutaj9jG2rNX6UpiJg==",
      "requires": {
        "@multiformats/base-x": "^4.0.1"
      }
    },
    "multicodec": {
      "version": "3.0.1",
      "resolved": "https://registry.npmjs.org/multicodec/-/multicodec-3.0.1.tgz",
      "integrity": "sha512-Y6j3wiPojvkF/z6KFIGt84KdJdP2oILEdzc/3YbD3qQ3EerhqtYlfsZTPPNVoCCxNZZdzIpCKrdYFSav17sIrQ==",
      "requires": {
        "uint8arrays": "^2.1.3",
        "varint": "^5.0.2"
      }
    },
    "multihashes": {
      "version": "4.0.2",
      "resolved": "https://registry.npmjs.org/multihashes/-/multihashes-4.0.2.tgz",
      "integrity": "sha512-xpx++1iZr4ZQHjN1mcrXS6904R36LWLxX/CBifczjtmrtCXEX623DMWOF1eiNSg+pFpiZDFVBgou/4v6ayCHSQ==",
      "requires": {
        "multibase": "^4.0.1",
        "uint8arrays": "^2.1.3",
        "varint": "^5.0.2"
      }
    },
    "multihashing-async": {
      "version": "2.1.2",
      "resolved": "https://registry.npmjs.org/multihashing-async/-/multihashing-async-2.1.2.tgz",
      "integrity": "sha512-FTPNnWWxwIK5dXXmTFhySSF8Fkdqf7vzqpV09+RWsmfUhrsL/b3Arg3+bRrBnXTtjxm3JRGI3wSAtQHL0QCxhQ==",
      "requires": {
        "blakejs": "^1.1.0",
        "err-code": "^3.0.0",
        "js-sha3": "^0.8.0",
        "multihashes": "^4.0.1",
        "murmurhash3js-revisited": "^3.0.0",
        "uint8arrays": "^2.1.3"
      }
    },
    "murmurhash3js-revisited": {
      "version": "3.0.0",
      "resolved": "https://registry.npmjs.org/murmurhash3js-revisited/-/murmurhash3js-revisited-3.0.0.tgz",
      "integrity": "sha512-/sF3ee6zvScXMb1XFJ8gDsSnY+X8PbOyjIuBhtgis10W2Jx4ZjIhikUCIF9c4gpJxVnQIsPAFrSwTCuAjicP6g=="
    },
    "node-fetch": {
      "version": "2.6.1",
      "resolved": "https://registry.npmjs.org/node-fetch/-/node-fetch-2.6.1.tgz",
      "integrity": "sha512-V4aYg89jEoVRxRb2fJdAg8FHvI7cEyYdVAh94HH0UIK8oJxUfkjlDQN9RbMx+bEjP7+ggMiFRprSti032Oipxw=="
    },
    "prettier": {
      "version": "1.19.1",
      "resolved": "https://registry.npmjs.org/prettier/-/prettier-1.19.1.tgz",
      "integrity": "sha512-s7PoyDv/II1ObgQunCbB9PdLmUcBZcnWOcxDh7O0N/UwDEsHyqkW+Qh28jW+mVuCdx7gLB0BotYI1Y6uI9iyew==",
      "dev": true
    },
    "qrcode-generator": {
      "version": "1.4.4",
      "resolved": "https://registry.npmjs.org/qrcode-generator/-/qrcode-generator-1.4.4.tgz",
      "integrity": "sha512-HM7yY8O2ilqhmULxGMpcHSF1EhJJ9yBj8gvDEuZ6M+KGJ0YY2hKpnXvRD+hZPLrDVck3ExIGhmPtSdcjC+guuw=="
    },
    "readable-stream": {
      "version": "3.6.0",
      "resolved": "https://registry.npmjs.org/readable-stream/-/readable-stream-3.6.0.tgz",
      "integrity": "sha512-BViHy7LKeTz4oNnkcLJ+lVSL6vpiFeX6/d3oSH8zCW7UxP2onchk+vTGB143xuFjHS3deTgkKoXXymXqymiIdA==",
      "requires": {
        "inherits": "^2.0.3",
        "string_decoder": "^1.1.1",
        "util-deprecate": "^1.0.1"
      }
    },
    "ripemd160": {
      "version": "2.0.2",
      "resolved": "https://registry.npmjs.org/ripemd160/-/ripemd160-2.0.2.tgz",
      "integrity": "sha512-ii4iagi25WusVoiC4B4lq7pbXfAp3D9v5CwfkY33vffw2+pkDjY1D8GaN7spsxvCSx8dkPqOZCEZyfxcmJG2IA==",
      "requires": {
        "hash-base": "^3.0.0",
        "inherits": "^2.0.1"
      }
    },
    "safe-buffer": {
      "version": "5.2.1",
      "resolved": "https://registry.npmjs.org/safe-buffer/-/safe-buffer-5.2.1.tgz",
      "integrity": "sha512-rp3So07KcdmmKbGvgaNxQSJr7bGVSVk5S9Eq1F+ppbRo70+YeaDxkw5Dd8NPN+GD6bjnYm2VuPuCXmpuYvmCXQ=="
    },
    "sha.js": {
      "version": "2.4.11",
      "resolved": "https://registry.npmjs.org/sha.js/-/sha.js-2.4.11.tgz",
      "integrity": "sha512-QMEp5B7cftE7APOjk5Y6xgrbWu+WkLVQwk8JNjZ8nKRciZaByEW6MubieAiToS7+dwvrjGhH8jRXz3MVd0AYqQ==",
      "requires": {
        "inherits": "^2.0.1",
        "safe-buffer": "^5.0.1"
      }
    },
    "string_decoder": {
      "version": "1.3.0",
      "resolved": "https://registry.npmjs.org/string_decoder/-/string_decoder-1.3.0.tgz",
      "integrity": "sha512-hkRX8U1WjJFd8LsDJ2yQ/wWWxaopEsABU1XfkM8A+j0+85JAGppt16cr1Whg6KIbb4okU6Mql6BOj+uup/wKeA==",
      "requires": {
        "safe-buffer": "~5.2.0"
      }
    },
    "tzprofiles": {
      "version": "file:../../contract",
      "requires": {
        "@taquito/beacon-wallet": "^9.0.1",
        "@taquito/rpc": "^9.0.1",
        "@taquito/signer": "^9.0.1",
        "@taquito/taquito": "^9.0.1",
        "@taquito/tzip16": "^9.0.1",
        "axios": "^0.21.1",
        "express": "^4.17.1",
        "kepler-sdk": "^0.3.0",
        "process": "^0.11.10",
        "yargs": "^16.2.0"
      }
    },
    "uint8arrays": {
      "version": "2.1.5",
      "resolved": "https://registry.npmjs.org/uint8arrays/-/uint8arrays-2.1.5.tgz",
      "integrity": "sha512-CSR7AO+4AHUeSOnZ/NBNCElDeWfRh9bXtOck27083kc7SznmmHIhNEkEOCQOn0wvrIMjS3IH0TNLR16vuc46mA==",
      "requires": {
        "multibase": "^4.0.1"
      }
    },
    "util-deprecate": {
      "version": "1.0.2",
      "resolved": "https://registry.npmjs.org/util-deprecate/-/util-deprecate-1.0.2.tgz",
      "integrity": "sha1-RQ1Nyfpw3nMnYvvS1KKJgUGaDM8="
    },
    "varint": {
      "version": "5.0.2",
      "resolved": "https://registry.npmjs.org/varint/-/varint-5.0.2.tgz",
      "integrity": "sha512-lKxKYG6H03yCZUpAGOPOsMcGxd1RHCu1iKvEHYDPmTyq2HueGhD73ssNBqqQWfvYs04G9iUFRvmAVLW20Jw6ow=="
    },
    "xhr2": {
      "version": "0.2.1",
      "resolved": "https://registry.npmjs.org/xhr2/-/xhr2-0.2.1.tgz",
      "integrity": "sha512-sID0rrVCqkVNUn8t6xuv9+6FViXjUVXq8H5rWOH2rz9fDNQEd4g0EA2XlcEdJXRz5BMEn4O1pJFdT+z4YHhoWw=="
    },
    "xhr2-cookies": {
      "version": "1.1.0",
      "resolved": "https://registry.npmjs.org/xhr2-cookies/-/xhr2-cookies-1.1.0.tgz",
      "integrity": "sha1-fXdEnQmZGX8VXLc7I99yUF7YnUg=",
      "requires": {
        "cookiejar": "^2.1.1"
      }
    },
    "xmlhttprequest": {
      "version": "1.8.0",
      "resolved": "https://registry.npmjs.org/xmlhttprequest/-/xmlhttprequest-1.8.0.tgz",
      "integrity": "sha1-Z/4HXFwk/vOfnWX197f+dRcZaPw="
    }
  }
}
